
Microsoft Visual Studio Solution File, Format Version 12.00
# Visual Studio Version 17
VisualStudioVersion = 17.4.33110.190
MinimumVisualStudioVersion = 10.0.40219.1
Project("{FAE04EC0-301F-11D3-BF4B-00C04F79EFBC}") = "LibraryMVC", "LibraryMVC\LibraryMVC.csproj", "{B8CD202C-440A-4710-8557-D27322479652}"
EndProject
Global
	GlobalSection(SolutionConfigurationPlatforms) = preSolution
		Debug|Any CPU = Debug|Any CPU
		Release|Any CPU = Release|Any CPU
	EndGlobalSection
	GlobalSection(ProjectConfigurationPlatforms) = postSolution
		{B8CD202C-440A-4710-8557-D27322479652}.Debug|Any CPU.ActiveCfg = Debug|Any CPU
		{B8CD202C-440A-4710-8557-D27322479652}.Debug|Any CPU.Build.0 = Debug|Any CPU
		{B8CD202C-440A-4710-8557-D27322479652}.Release|Any CPU.ActiveCfg = Release|Any CPU
		{B8CD202C-440A-4710-8557-D27322479652}.Release|Any CPU.Build.0 = Release|Any CPU
	EndGlobalSection
	GlobalSection(SolutionProperties) = preSolution
		HideSolutionNode = FALSE
	EndGlobalSection
	GlobalSection(ExtensibilityGlobals) = postSolution
		SolutionGuid = {E1996F34-B4A9-4349-AB42-C59672C2748F}
	EndGlobalSection
EndGlobal
